
Microsoft Visual Studio Solution File, Format Version 12.00
# Visual Studio Version 16
VisualStudioVersion = 16.0.30804.86
MinimumVisualStudioVersion = 10.0.40219.1
Project("{FAE04EC0-301F-11D3-BF4B-00C04F79EFBC}") = "Overlay PictureBox Demo", "Overlay PictureBox Demo\Overlay PictureBox Demo.csproj", "{7164463B-BFF2-4724-924B-722AE27048EB}"
EndProject
Global
	GlobalSection(SolutionConfigurationPlatforms) = preSolution
		Debug|Any CPU = Debug|Any CPU
		Release|Any CPU = Release|Any CPU
	EndGlobalSection
	GlobalSection(ProjectConfigurationPlatforms) = postSolution
		{7164463B-BFF2-4724-924B-722AE27048EB}.Debug|Any CPU.ActiveCfg = Debug|Any CPU
		{7164463B-BFF2-4724-924B-722AE27048EB}.Debug|Any CPU.Build.0 = Debug|Any CPU
		{7164463B-BFF2-4724-924B-722AE27048EB}.Release|Any CPU.ActiveCfg = Release|Any CPU
		{7164463B-BFF2-4724-924B-722AE27048EB}.Release|Any CPU.Build.0 = Release|Any CPU
	EndGlobalSection
	GlobalSection(SolutionProperties) = preSolution
		HideSolutionNode = FALSE
	EndGlobalSection
	GlobalSection(ExtensibilityGlobals) = postSolution
		SolutionGuid = {7AD4F07E-8CBF-4916-871E-2E8C625A6217}
	EndGlobalSection
EndGlobal
